{"format_version":"1.1","terraform_version":"1.3.9","variables":{"cluster_name":{"value":"aks-demo-cluster"},"location":{"value":"Germany West Central"},"node_count":{"value":1},"node_vm_size":{"value":"STANDART_D2_V2"},"resource_group_name":{"value":"aks-demo-group"}},"planned_values":{"outputs":{"aks_fqdn":{"sensitive":false},"aks_id":{"sensitive":false},"aks_nodes_rg":{"sensitive":false}},"root_module":{"resources":[{"address":"azurerm_kubernetes_cluster.aks","mode":"managed","type":"azurerm_kubernetes_cluster","name":"aks","provider_name":"registry.terraform.io/hashicorp/azurerm","schema_version":2,"values":{"aci_connector_linux":[],"api_server_authorized_ip_ranges":null,"automatic_channel_upgrade":null,"azure_active_directory_role_based_access_control":[],"azure_policy_enabled":null,"default_node_pool":[{"enable_auto_scaling":false,"enable_host_encryption":null,"enable_node_public_ip":null,"fips_enabled":null,"kubelet_config":[],"linux_os_config":[],"max_count":null,"min_count":null,"name":"default","node_count":1,"node_public_ip_prefix_id":null,"node_taints":null,"only_critical_addons_enabled":null,"os_disk_type":"Managed","pod_subnet_id":null,"proximity_placement_group_id":null,"tags":null,"type":"VirtualMachineScaleSets","ultra_ssd_enabled":false,"upgrade_settings":[],"vm_size":"STANDART_D2_V2","vnet_subnet_id":null,"zones":null}],"disk_encryption_set_id":null,"dns_prefix":"aks-demo-cluster","dns_prefix_private_cluster":null,"enable_pod_security_policy":null,"http_application_routing_enabled":null,"http_proxy_config":[],"identity":[{"identity_ids":null,"type":"SystemAssigned"}],"ingress_application_gateway":[],"key_vault_secrets_provider":[],"linux_profile":[],"local_account_disabled":null,"location":"germanywestcentral","maintenance_window":[],"name":"aks-demo-cluster","oms_agent":[],"open_service_mesh_enabled":null,"private_cluster_enabled":null,"private_cluster_public_fqdn_enabled":false,"public_network_access_enabled":true,"resource_group_name":"aks-demo-group","role_based_access_control_enabled":true,"service_principal":[],"sku_tier":"Free","tags":null,"timeouts":null},"sensitive_values":{"aci_connector_linux":[],"auto_scaler_profile":[],"azure_active_directory_role_based_access_control":[],"default_node_pool":[{"kubelet_config":[],"linux_os_config":[],"node_labels":{},"upgrade_settings":[]}],"http_proxy_config":[],"identity":[{}],"ingress_application_gateway":[],"key_vault_secrets_provider":[],"kube_admin_config":[],"kube_config":[],"kubelet_identity":[],"linux_profile":[],"maintenance_window":[],"network_profile":[],"oms_agent":[],"service_principal":[],"windows_profile":[]}},{"address":"azurerm_resource_group.rg","mode":"managed","type":"azurerm_resource_group","name":"rg","provider_name":"registry.terraform.io/hashicorp/azurerm","schema_version":0,"values":{"id":"/subscriptions/0d20d589-24dd-474a-a46a-45ba7090bba8/resourceGroups/aks-demo-group","location":"germanywestcentral","name":"aks-demo-group","tags":{},"timeouts":null},"sensitive_values":{"tags":{}}}]}},"resource_drift":[{"address":"azurerm_resource_group.rg","mode":"managed","type":"azurerm_resource_group","name":"rg","provider_name":"registry.terraform.io/hashicorp/azurerm","change":{"actions":["update"],"before":{"id":"/subscriptions/0d20d589-24dd-474a-a46a-45ba7090bba8/resourceGroups/aks-demo-group","location":"germanywestcentral","name":"aks-demo-group","tags":null,"timeouts":null},"after":{"id":"/subscriptions/0d20d589-24dd-474a-a46a-45ba7090bba8/resourceGroups/aks-demo-group","location":"germanywestcentral","name":"aks-demo-group","tags":{},"timeouts":null},"after_unknown":{},"before_sensitive":{},"after_sensitive":{"tags":{}}}}],"resource_changes":[{"address":"azurerm_kubernetes_cluster.aks","mode":"managed","type":"azurerm_kubernetes_cluster","name":"aks","provider_name":"registry.terraform.io/hashicorp/azurerm","change":{"actions":["create"],"before":null,"after":{"aci_connector_linux":[],"api_server_authorized_ip_ranges":null,"automatic_channel_upgrade":null,"azure_active_directory_role_based_access_control":[],"azure_policy_enabled":null,"default_node_pool":[{"enable_auto_scaling":false,"enable_host_encryption":null,"enable_node_public_ip":null,"fips_enabled":null,"kubelet_config":[],"linux_os_config":[],"max_count":null,"min_count":null,"name":"default","node_count":1,"node_public_ip_prefix_id":null,"node_taints":null,"only_critical_addons_enabled":null,"os_disk_type":"Managed","pod_subnet_id":null,"proximity_placement_group_id":null,"tags":null,"type":"VirtualMachineScaleSets","ultra_ssd_enabled":false,"upgrade_settings":[],"vm_size":"STANDART_D2_V2","vnet_subnet_id":null,"zones":null}],"disk_encryption_set_id":null,"dns_prefix":"aks-demo-cluster","dns_prefix_private_cluster":null,"enable_pod_security_policy":null,"http_application_routing_enabled":null,"http_proxy_config":[],"identity":[{"identity_ids":null,"type":"SystemAssigned"}],"ingress_application_gateway":[],"key_vault_secrets_provider":[],"linux_profile":[],"local_account_disabled":null,"location":"germanywestcentral","maintenance_window":[],"name":"aks-demo-cluster","oms_agent":[],"open_service_mesh_enabled":null,"private_cluster_enabled":null,"private_cluster_public_fqdn_enabled":false,"public_network_access_enabled":true,"resource_group_name":"aks-demo-group","role_based_access_control_enabled":true,"service_principal":[],"sku_tier":"Free","tags":null,"timeouts":null},"after_unknown":{"aci_connector_linux":[],"auto_scaler_profile":true,"azure_active_directory_role_based_access_control":[],"default_node_pool":[{"kubelet_config":[],"kubelet_disk_type":true,"linux_os_config":[],"max_pods":true,"node_labels":true,"orchestrator_version":true,"os_disk_size_gb":true,"os_sku":true,"upgrade_settings":[]}],"fqdn":true,"http_application_routing_zone_name":true,"http_proxy_config":[],"id":true,"identity":[{"principal_id":true,"tenant_id":true}],"ingress_application_gateway":[],"key_vault_secrets_provider":[],"kube_admin_config":true,"kube_admin_config_raw":true,"kube_config":true,"kube_config_raw":true,"kubelet_identity":true,"kubernetes_version":true,"linux_profile":[],"maintenance_window":[],"network_profile":true,"node_resource_group":true,"oms_agent":[],"portal_fqdn":true,"private_dns_zone_id":true,"private_fqdn":true,"service_principal":[],"windows_profile":true},"before_sensitive":false,"after_sensitive":{"aci_connector_linux":[],"auto_scaler_profile":[],"azure_active_directory_role_based_access_control":[],"default_node_pool":[{"kubelet_config":[],"linux_os_config":[],"node_labels":{},"upgrade_settings":[]}],"http_proxy_config":[],"identity":[{}],"ingress_application_gateway":[],"key_vault_secrets_provider":[],"kube_admin_config":true,"kube_admin_config_raw":true,"kube_config":true,"kube_config_raw":true,"kubelet_identity":[],"linux_profile":[],"maintenance_window":[],"network_profile":[],"oms_agent":[],"service_principal":[],"windows_profile":[]}}},{"address":"azurerm_resource_group.rg","mode":"managed","type":"azurerm_resource_group","name":"rg","provider_name":"registry.terraform.io/hashicorp/azurerm","change":{"actions":["no-op"],"before":{"id":"/subscriptions/0d20d589-24dd-474a-a46a-45ba7090bba8/resourceGroups/aks-demo-group","location":"germanywestcentral","name":"aks-demo-group","tags":{},"timeouts":null},"after":{"id":"/subscriptions/0d20d589-24dd-474a-a46a-45ba7090bba8/resourceGroups/aks-demo-group","location":"germanywestcentral","name":"aks-demo-group","tags":{},"timeouts":null},"after_unknown":{},"before_sensitive":{"tags":{}},"after_sensitive":{"tags":{}}}}],"output_changes":{"aks_fqdn":{"actions":["create"],"before":null,"after_unknown":true,"before_sensitive":false,"after_sensitive":false},"aks_id":{"actions":["create"],"before":null,"after_unknown":true,"before_sensitive":false,"after_sensitive":false},"aks_nodes_rg":{"actions":["create"],"before":null,"after_unknown":true,"before_sensitive":false,"after_sensitive":false}},"prior_state":{"format_version":"1.0","terraform_version":"1.3.9","values":{"root_module":{"resources":[{"address":"azurerm_resource_group.rg","mode":"managed","type":"azurerm_resource_group","name":"rg","provider_name":"registry.terraform.io/hashicorp/azurerm","schema_version":0,"values":{"id":"/subscriptions/0d20d589-24dd-474a-a46a-45ba7090bba8/resourceGroups/aks-demo-group","location":"germanywestcentral","name":"aks-demo-group","tags":{},"timeouts":null},"sensitive_values":{"tags":{}}}]}}},"configuration":{"provider_config":{"azurerm":{"name":"azurerm","full_name":"registry.terraform.io/hashicorp/azurerm","version_constraint":"3.0.0","expressions":{"features":[{}]}}},"root_module":{"outputs":{"aks_fqdn":{"expression":{"references":["azurerm_kubernetes_cluster.aks.fqdn","azurerm_kubernetes_cluster.aks"]}},"aks_id":{"expression":{"references":["azurerm_kubernetes_cluster.aks.id","azurerm_kubernetes_cluster.aks"]}},"aks_nodes_rg":{"expression":{"references":["azurerm_kubernetes_cluster.aks.node_resource_group","azurerm_kubernetes_cluster.aks"]}}},"resources":[{"address":"azurerm_kubernetes_cluster.aks","mode":"managed","type":"azurerm_kubernetes_cluster","name":"aks","provider_config_key":"azurerm","expressions":{"default_node_pool":[{"enable_auto_scaling":{"constant_value":false},"name":{"constant_value":"default"},"node_count":{"references":["var.node_count"]},"type":{"constant_value":"VirtualMachineScaleSets"},"vm_size":{"references":["var.node_vm_size"]}}],"dns_prefix":{"references":["var.cluster_name"]},"identity":[{"type":{"constant_value":"SystemAssigned"}}],"location":{"references":["var.location"]},"name":{"references":["var.cluster_name"]},"resource_group_name":{"references":["azurerm_resource_group.rg.name","azurerm_resource_group.rg"]}},"schema_version":2},{"address":"azurerm_resource_group.rg","mode":"managed","type":"azurerm_resource_group","name":"rg","provider_config_key":"azurerm","expressions":{"location":{"references":["var.location"]},"name":{"references":["var.resource_group_name"]}},"schema_version":0}],"variables":{"cluster_name":{"description":"The name of the AKS cluster"},"location":{"description":"The location of the AKS cluster"},"node_count":{"description":"Select the number of nodes for the AKS cluster"},"node_vm_size":{"description":"Select the VM size for the AKS nodes"},"resource_group_name":{"description":"The name of the resource group in which the AKS cluster exists"}}}},"relevant_attributes":[{"resource":"azurerm_kubernetes_cluster.aks","attribute":["node_resource_group"]},{"resource":"azurerm_kubernetes_cluster.aks","attribute":["fqdn"]},{"resource":"azurerm_resource_group.rg","attribute":["name"]},{"resource":"azurerm_kubernetes_cluster.aks","attribute":["id"]}]}
